<Solution>
  <Configurations>
    <Platform Name="Any CPU" />
    <Platform Name="x64" />
    <Platform Name="x86" />
  </Configurations>
  <Folder Name="/samples/">
    <Project Path="samples/DrawShapesWithImageSharp/DrawShapesWithImageSharp.csproj" />
    <Project Path="samples/WebGPUWindowDemo/WebGPUWindowDemo.csproj" />
  </Folder>
  <Folder Name="/src/">
    <File Path="src/Directory.Build.props" />
    <File Path="src/Directory.Build.targets" />
    <Project Path="shared-infrastructure/src/SharedInfrastructure/SharedInfrastructure.shproj" />
    <Project Path="src/ImageSharp.Drawing.WebGPU.ShaderGen/ImageSharp.Drawing.WebGPU.ShaderGen.csproj" />
    <Project Path="src/ImageSharp.Drawing.WebGPU/ImageSharp.Drawing.WebGPU.csproj" />
    <Project Path="src/ImageSharp.Drawing/ImageSharp.Drawing.csproj" />
  </Folder>
  <Folder Name="/tests/">
    <File Path="tests/Directory.Build.props" />
    <File Path="tests/Directory.Build.targets" />
    <Project Path="tests/ImageSharp.Drawing.Benchmarks/ImageSharp.Drawing.Benchmarks.csproj" />
    <Project Path="tests/ImageSharp.Drawing.ManualBenchmarks/ImageSharp.Drawing.ManualBenchmarks.csproj" />
    <Project Path="tests/ImageSharp.Drawing.Tests/ImageSharp.Drawing.Tests.csproj" />
  </Folder>
  <Folder Name="/tools/">
    <Project Path="tools/ImageSharp.Drawing.FontGenerator/ImageSharp.Drawing.FontGenerator.csproj" />
  </Folder>
  <Folder Name="/tests/Images/" />
  <Folder Name="/tests/Images/Input/" />
  <Folder Name="/tests/Images/Input/Bmp/">
    <File Path="tests/Images/Input/Bmp/BitmapCoreHeaderQR.bmp" />
    <File Path="tests/Images/Input/Bmp/BITMAPV5HEADER.bmp" />
    <File Path="tests/Images/Input/Bmp/Car.bmp" />
    <File Path="tests/Images/Input/Bmp/F.bmp" />
    <File Path="tests/Images/Input/Bmp/issue735.bmp" />
    <File Path="tests/Images/Input/Bmp/neg_height.bmp" />
    <File Path="tests/Images/Input/Bmp/pal1.bmp" />
    <File Path="tests/Images/Input/Bmp/pal1p1.bmp" />
    <File Path="tests/Images/Input/Bmp/pal4.bmp" />
    <File Path="tests/Images/Input/Bmp/pal4rle.bmp" />
    <File Path="tests/Images/Input/Bmp/pal8-0.bmp" />
    <File Path="tests/Images/Input/Bmp/pal8gs.bmp" />
    <File Path="tests/Images/Input/Bmp/pal8offs.bmp" />
    <File Path="tests/Images/Input/Bmp/pal8os2sp.bmp" />
    <File Path="tests/Images/Input/Bmp/pal8os2v1_winv2.bmp" />
    <File Path="tests/Images/Input/Bmp/pal8os2v2-16.bmp" />
    <File Path="tests/Images/Input/Bmp/pal8os2v2.bmp" />
    <File Path="tests/Images/Input/Bmp/pal8v4.bmp" />
    <File Path="tests/Images/Input/Bmp/pal8v5.bmp" />
    <File Path="tests/Images/Input/Bmp/rgb16-565.bmp" />
    <File Path="tests/Images/Input/Bmp/rgb16-565pal.bmp" />
    <File Path="tests/Images/Input/Bmp/rgb16.bmp" />
    <File Path="tests/Images/Input/Bmp/rgb16bfdef.bmp" />
    <File Path="tests/Images/Input/Bmp/rgb24.bmp" />
    <File Path="tests/Images/Input/Bmp/rgb32.bmp" />
    <File Path="tests/Images/Input/Bmp/rgb32bf.bmp" />
    <File Path="tests/Images/Input/Bmp/rgb32bfdef.bmp" />
    <File Path="tests/Images/Input/Bmp/rgba32-1010102.bmp" />
    <File Path="tests/Images/Input/Bmp/rgba32.bmp" />
    <File Path="tests/Images/Input/Bmp/rgba32abf.bmp" />
    <File Path="tests/Images/Input/Bmp/rgba32h56.bmp" />
    <File Path="tests/Images/Input/Bmp/RunLengthEncoded-inverted.bmp" />
    <File Path="tests/Images/Input/Bmp/RunLengthEncoded.bmp" />
    <File Path="tests/Images/Input/Bmp/test16-inverted.bmp" />
    <File Path="tests/Images/Input/Bmp/test16.bmp" />
    <File Path="tests/Images/Input/Bmp/test8-inverted.bmp" />
    <File Path="tests/Images/Input/Bmp/test8.bmp" />
  </Folder>
  <Folder Name="/tests/Images/Input/Gif/">
    <File Path="tests/Images/Input/Gif/base_1x4.gif" />
    <File Path="tests/Images/Input/Gif/base_4x1.gif" />
    <File Path="tests/Images/Input/Gif/cheers.gif" />
    <File Path="tests/Images/Input/Gif/giphy.gif" />
    <File Path="tests/Images/Input/Gif/kumin.gif" />
    <File Path="tests/Images/Input/Gif/leo.gif" />
    <File Path="tests/Images/Input/Gif/rings.gif" />
    <File Path="tests/Images/Input/Gif/trans.gif" />
  </Folder>
  <Folder Name="/tests/Images/Input/Gif/issues/">
    <File Path="tests/Images/Input/Gif/issues/issue403_baddescriptorwidth.gif" />
    <File Path="tests/Images/Input/Gif/issues/issue405_badappextlength252-2.gif" />
    <File Path="tests/Images/Input/Gif/issues/issue405_badappextlength252.gif" />
  </Folder>
  <Folder Name="/tests/Images/Input/Jpg/" />
  <Folder Name="/tests/Images/Input/Jpg/baseline/">
    <File Path="tests/Images/Input/Jpg/baseline/AsianCarvingLowContrast.jpg" />
    <File Path="tests/Images/Input/Jpg/baseline/badeof.jpg" />
    <File Path="tests/Images/Input/Jpg/baseline/badrst.jpg" />
    <File Path="tests/Images/Input/Jpg/baseline/Calliphora.jpg" />
    <File Path="tests/Images/Input/Jpg/baseline/cmyk.jpg" />
    <File Path="tests/Images/Input/Jpg/baseline/exif.jpg" />
    <File Path="tests/Images/Input/Jpg/baseline/Floorplan.jpg" />
    <File Path="tests/Images/Input/Jpg/baseline/gamma_dalai_lama_gray.jpg" />
    <File Path="tests/Images/Input/Jpg/baseline/Hiyamugi.jpg" />
    <File Path="tests/Images/Input/Jpg/baseline/jpeg400jfif.jpg" />
    <File Path="tests/Images/Input/Jpg/baseline/jpeg420exif.jpg" />
    <File Path="tests/Images/Input/Jpg/baseline/jpeg420small.jpg" />
    <File Path="tests/Images/Input/Jpg/baseline/jpeg444.jpg" />
    <File Path="tests/Images/Input/Jpg/baseline/Lake.jpg" />
    <File Path="tests/Images/Input/Jpg/baseline/MultiScanBaselineCMYK.jpg" />
    <File Path="tests/Images/Input/Jpg/baseline/ratio-1x1.jpg" />
    <File Path="tests/Images/Input/Jpg/baseline/Snake.jpg" />
    <File Path="tests/Images/Input/Jpg/baseline/testimgint.jpg" />
    <File Path="tests/Images/Input/Jpg/baseline/testorig.jpg" />
    <File Path="tests/Images/Input/Jpg/baseline/testorig12.jpg" />
    <File Path="tests/Images/Input/Jpg/baseline/turtle.jpg" />
    <File Path="tests/Images/Input/Jpg/baseline/ycck-subsample-1222.jpg" />
    <File Path="tests/Images/Input/Jpg/baseline/ycck.jpg" />
  </Folder>
  <Folder Name="/tests/Images/Input/Jpg/baseline/JpegSnoopReports/">
    <File Path="tests/Images/Input/Jpg/baseline/JpegSnoopReports/badeof.jpg.txt" />
    <File Path="tests/Images/Input/Jpg/baseline/JpegSnoopReports/badrst.jpg.txt" />
    <File Path="tests/Images/Input/Jpg/baseline/JpegSnoopReports/Calliphora.jpg.txt" />
    <File Path="tests/Images/Input/Jpg/baseline/JpegSnoopReports/cmyk.jpg.txt" />
    <File Path="tests/Images/Input/Jpg/baseline/JpegSnoopReports/exif.jpg.txt" />
    <File Path="tests/Images/Input/Jpg/baseline/JpegSnoopReports/Floorplan.jpg.txt" />
    <File Path="tests/Images/Input/Jpg/baseline/JpegSnoopReports/gamma_dalai_lama_gray.jpg.txt" />
    <File Path="tests/Images/Input/Jpg/baseline/JpegSnoopReports/Hiyamugi.jpg.txt" />
    <File Path="tests/Images/Input/Jpg/baseline/JpegSnoopReports/jpeg400jfif.jpg.txt" />
    <File Path="tests/Images/Input/Jpg/baseline/JpegSnoopReports/jpeg420exif.jpg.txt" />
    <File Path="tests/Images/Input/Jpg/baseline/JpegSnoopReports/jpeg420small.jpg.txt" />
    <File Path="tests/Images/Input/Jpg/baseline/JpegSnoopReports/jpeg444.jpg.txt" />
    <File Path="tests/Images/Input/Jpg/baseline/JpegSnoopReports/Lake.jpg.txt" />
    <File Path="tests/Images/Input/Jpg/baseline/JpegSnoopReports/MultiScanBaselineCMYK.jpg.txt" />
    <File Path="tests/Images/Input/Jpg/baseline/JpegSnoopReports/ratio-1x1.jpg.txt" />
    <File Path="tests/Images/Input/Jpg/baseline/JpegSnoopReports/Snake.jpg.txt" />
    <File Path="tests/Images/Input/Jpg/baseline/JpegSnoopReports/testimgint.jpg.txt" />
    <File Path="tests/Images/Input/Jpg/baseline/JpegSnoopReports/testorig.jpg.txt" />
    <File Path="tests/Images/Input/Jpg/baseline/JpegSnoopReports/turtle.jpg.txt" />
    <File Path="tests/Images/Input/Jpg/baseline/JpegSnoopReports/ycck.jpg.txt" />
  </Folder>
  <Folder Name="/tests/Images/Input/Jpg/issues/">
    <File Path="tests/Images/Input/Jpg/issues/Issue159-MissingFF00-Progressive-Bedroom.jpg" />
    <File Path="tests/Images/Input/Jpg/issues/Issue159-MissingFF00-Progressive-Girl.jpg" />
    <File Path="tests/Images/Input/Jpg/issues/Issue178-BadCoeffsProgressive-Lemon.jpg" />
    <File Path="tests/Images/Input/Jpg/issues/Issue214-CriticalEOF.jpg" />
    <File Path="tests/Images/Input/Jpg/issues/Issue385-BadZigZag-Progressive.jpg" />
    <File Path="tests/Images/Input/Jpg/issues/Issue394-MultiHuffmanBaseline-Speakers.jpg" />
    <File Path="tests/Images/Input/Jpg/issues/Issue517-No-EOI-Progressive.jpg" />
    <File Path="tests/Images/Input/Jpg/issues/Issue518-Bad-RST-Progressive.jpg" />
    <File Path="tests/Images/Input/Jpg/issues/Issue520-InvalidCast.jpg" />
    <File Path="tests/Images/Input/Jpg/issues/Issue624-DhtHasWrongLength-Progressive-N.jpg" />
    <File Path="tests/Images/Input/Jpg/issues/Issue694-Decode-Exif-OutOfRange.jpg" />
    <File Path="tests/Images/Input/Jpg/issues/Issue695-Invalid-EOI.jpg" />
    <File Path="tests/Images/Input/Jpg/issues/Issue696-Resize-Exif-OutOfRange.jpg" />
    <File Path="tests/Images/Input/Jpg/issues/Issue721-InvalidAPP0.jpg" />
    <File Path="tests/Images/Input/Jpg/issues/Issue723-Ordered-Interleaved-Progressive-A.jpg" />
    <File Path="tests/Images/Input/Jpg/issues/Issue723-Ordered-Interleaved-Progressive-B.jpg" />
    <File Path="tests/Images/Input/Jpg/issues/Issue723-Ordered-Interleaved-Progressive-C.jpg" />
    <File Path="tests/Images/Input/Jpg/issues/issue750-exif-load.jpg" />
    <File Path="tests/Images/Input/Jpg/issues/issue750-exif-tranform.jpg" />
    <File Path="tests/Images/Input/Jpg/issues/Issue845-Incorrect-Quality99.jpg" />
    <File Path="tests/Images/Input/Jpg/issues/issue855-incorrect-colorspace.jpg" />
  </Folder>
  <Folder Name="/tests/Images/Input/Jpg/issues/fuzz/">
    <File Path="tests/Images/Input/Jpg/issues/fuzz/Issue797-NullReferenceException.jpg" />
    <File Path="tests/Images/Input/Jpg/issues/fuzz/Issue798-AccessViolationException.jpg" />
    <File Path="tests/Images/Input/Jpg/issues/fuzz/Issue821-DivideByZeroException.jpg" />
    <File Path="tests/Images/Input/Jpg/issues/fuzz/Issue822-DivideByZeroException.jpg" />
    <File Path="tests/Images/Input/Jpg/issues/fuzz/Issue823-NullReferenceException.jpg" />
    <File Path="tests/Images/Input/Jpg/issues/fuzz/Issue824-IndexOutOfRangeException-A.jpg" />
    <File Path="tests/Images/Input/Jpg/issues/fuzz/Issue824-IndexOutOfRangeException-B.jpg" />
    <File Path="tests/Images/Input/Jpg/issues/fuzz/Issue824-IndexOutOfRangeException-C.jpg" />
    <File Path="tests/Images/Input/Jpg/issues/fuzz/Issue824-IndexOutOfRangeException-D.jpg" />
    <File Path="tests/Images/Input/Jpg/issues/fuzz/Issue824-IndexOutOfRangeException-E.jpg" />
    <File Path="tests/Images/Input/Jpg/issues/fuzz/Issue824-IndexOutOfRangeException-F.jpg" />
    <File Path="tests/Images/Input/Jpg/issues/fuzz/Issue824-IndexOutOfRangeException-G.jpg" />
    <File Path="tests/Images/Input/Jpg/issues/fuzz/Issue824-IndexOutOfRangeException-H.jpg" />
    <File Path="tests/Images/Input/Jpg/issues/fuzz/Issue825-ArgumentOutOfRangeException-A.jpg" />
    <File Path="tests/Images/Input/Jpg/issues/fuzz/Issue825-ArgumentOutOfRangeException-B.jpg" />
    <File Path="tests/Images/Input/Jpg/issues/fuzz/Issue825-ArgumentOutOfRangeException-C.jpg" />
    <File Path="tests/Images/Input/Jpg/issues/fuzz/Issue825-ArgumentOutOfRangeException-D.jpg" />
    <File Path="tests/Images/Input/Jpg/issues/fuzz/Issue826-ArgumentException-A.jpg" />
    <File Path="tests/Images/Input/Jpg/issues/fuzz/Issue826-ArgumentException-B.jpg" />
    <File Path="tests/Images/Input/Jpg/issues/fuzz/Issue826-ArgumentException-C.jpg" />
    <File Path="tests/Images/Input/Jpg/issues/fuzz/Issue827-AccessViolationException.jpg" />
    <File Path="tests/Images/Input/Jpg/issues/fuzz/Issue839-ExecutionEngineException.jpg" />
  </Folder>
  <Folder Name="/tests/Images/Input/Jpg/issues/JpegSnoopReports/">
    <File Path="tests/Images/Input/Jpg/issues/JpegSnoopReports/Issue159-MissingFF00-Progressive-Bedroom.jpg.txt" />
    <File Path="tests/Images/Input/Jpg/issues/JpegSnoopReports/Issue159-MissingFF00-Progressive-Girl.jpg.txt" />
    <File Path="tests/Images/Input/Jpg/issues/JpegSnoopReports/Issue178-BadCoeffsProgressive-Lemon.jpg.txt" />
    <File Path="tests/Images/Input/Jpg/issues/JpegSnoopReports/Issue214-CriticalEOF .jpg.txt" />
    <File Path="tests/Images/Input/Jpg/issues/JpegSnoopReports/Issue385-BadZigZag-Progressive.jpg.txt" />
    <File Path="tests/Images/Input/Jpg/issues/JpegSnoopReports/Issue394-MultiHuffmanBaseline-Speakers.jpg.txt" />
    <File Path="tests/Images/Input/Jpg/issues/JpegSnoopReports/Issue517-No-EOI-Progressive.jpg.txt" />
    <File Path="tests/Images/Input/Jpg/issues/JpegSnoopReports/Issue518-Bad-RST-Progressive.jpg.txt" />
    <File Path="tests/Images/Input/Jpg/issues/JpegSnoopReports/Issue520-InvalidCast.jpg.txt" />
    <File Path="tests/Images/Input/Jpg/issues/JpegSnoopReports/Issue624-DhtHasWrongLength-Progressive-N.jpg.txt" />
    <File Path="tests/Images/Input/Jpg/issues/JpegSnoopReports/Issue694-Decode-Exif-OutOfRange.jpg.txt" />
    <File Path="tests/Images/Input/Jpg/issues/JpegSnoopReports/Issue695-Invalid-EOI.jpg.txt" />
    <File Path="tests/Images/Input/Jpg/issues/JpegSnoopReports/Issue696-Resize-Exif-OutOfRange.jpg.txt" />
    <File Path="tests/Images/Input/Jpg/issues/JpegSnoopReports/Issue721-InvalidAPP0.jpg.txt" />
    <File Path="tests/Images/Input/Jpg/issues/JpegSnoopReports/Issue723-Ordered-Interleaved-Progressive-A.jpg.txt" />
    <File Path="tests/Images/Input/Jpg/issues/JpegSnoopReports/Issue723-Ordered-Interleaved-Progressive-B.jpg.txt" />
    <File Path="tests/Images/Input/Jpg/issues/JpegSnoopReports/Issue723-Ordered-Interleaved-Progressive-C.jpg.txt" />
    <File Path="tests/Images/Input/Jpg/issues/JpegSnoopReports/issue750-exif-load.jpg.txt" />
    <File Path="tests/Images/Input/Jpg/issues/JpegSnoopReports/issue750-exif-tranform.jpg.txt" />
  </Folder>
  <Folder Name="/tests/Images/Input/Jpg/progressive/">
    <File Path="tests/Images/Input/Jpg/progressive/BadEofProgressive.jpg" />
    <File Path="tests/Images/Input/Jpg/progressive/ExifUndefType.jpg" />
    <File Path="tests/Images/Input/Jpg/progressive/fb.jpg" />
    <File Path="tests/Images/Input/Jpg/progressive/Festzug.jpg" />
    <File Path="tests/Images/Input/Jpg/progressive/progress.jpg" />
  </Folder>
  <Folder Name="/tests/Images/Input/Jpg/progressive/JpegSnoopReports/">
    <File Path="tests/Images/Input/Jpg/progressive/JpegSnoopReports/BadEofProgressive.jpg.txt" />
    <File Path="tests/Images/Input/Jpg/progressive/JpegSnoopReports/ExifUndefType.jpg.txt" />
    <File Path="tests/Images/Input/Jpg/progressive/JpegSnoopReports/fb.jpg.txt" />
    <File Path="tests/Images/Input/Jpg/progressive/JpegSnoopReports/Festzug.jpg.txt" />
    <File Path="tests/Images/Input/Jpg/progressive/JpegSnoopReports/progress.jpg.txt" />
  </Folder>
  <Folder Name="/tests/Images/Input/Png/">
    <File Path="tests/Images/Input/Png/banner7-adam.png" />
    <File Path="tests/Images/Input/Png/banner8-index.png" />
    <File Path="tests/Images/Input/Png/big-corrupted-chunk.png" />
    <File Path="tests/Images/Input/Png/Bike.png" />
    <File Path="tests/Images/Input/Png/BikeGrayscale.png" />
    <File Path="tests/Images/Input/Png/blur.png" />
    <File Path="tests/Images/Input/Png/bpp1.png" />
    <File Path="tests/Images/Input/Png/CalliphoraPartial.png" />
    <File Path="tests/Images/Input/Png/CalliphoraPartialGrayscale.png" />
    <File Path="tests/Images/Input/Png/chunklength1.png" />
    <File Path="tests/Images/Input/Png/chunklength2.png" />
    <File Path="tests/Images/Input/Png/cross.png" />
    <File Path="tests/Images/Input/Png/ducky.png" />
    <File Path="tests/Images/Input/Png/filter0.png" />
    <File Path="tests/Images/Input/Png/filter1.png" />
    <File Path="tests/Images/Input/Png/filter2.png" />
    <File Path="tests/Images/Input/Png/filter3.png" />
    <File Path="tests/Images/Input/Png/filter4.png" />
    <File Path="tests/Images/Input/Png/filterVar.png" />
    <File Path="tests/Images/Input/Png/gray-1-trns.png" />
    <File Path="tests/Images/Input/Png/gray-16-tRNS-interlaced.png" />
    <File Path="tests/Images/Input/Png/gray-16.png" />
    <File Path="tests/Images/Input/Png/gray-2-tRNS.png" />
    <File Path="tests/Images/Input/Png/gray-4-tRNS.png" />
    <File Path="tests/Images/Input/Png/gray-8-tRNS.png" />
    <File Path="tests/Images/Input/Png/gray-alpha-16.png" />
    <File Path="tests/Images/Input/Png/gray-alpha-8.png" />
    <File Path="tests/Images/Input/Png/gray_4bpp.png" />
    <File Path="tests/Images/Input/Png/icon.png" />
    <File Path="tests/Images/Input/Png/iftbbn0g01.png" />
    <File Path="tests/Images/Input/Png/iftbbn0g02.png" />
    <File Path="tests/Images/Input/Png/iftbbn0g04.png" />
    <File Path="tests/Images/Input/Png/indexed.png" />
    <File Path="tests/Images/Input/Png/interlaced.png" />
    <File Path="tests/Images/Input/Png/kaboom.png" />
    <File Path="tests/Images/Input/Png/low-variance.png" />
    <File Path="tests/Images/Input/Png/palette-8bpp.png" />
    <File Path="tests/Images/Input/Png/pd-dest.png" />
    <File Path="tests/Images/Input/Png/pd-source.png" />
    <File Path="tests/Images/Input/Png/pd.png" />
    <File Path="tests/Images/Input/Png/pl.png" />
    <File Path="tests/Images/Input/Png/pp.png" />
    <File Path="tests/Images/Input/Png/rainbow.png" />
    <File Path="tests/Images/Input/Png/ratio-1x4.png" />
    <File Path="tests/Images/Input/Png/ratio-4x1.png" />
    <File Path="tests/Images/Input/Png/rgb-16-alpha.png" />
    <File Path="tests/Images/Input/Png/rgb-16-tRNS.png" />
    <File Path="tests/Images/Input/Png/rgb-48bpp-interlaced.png" />
    <File Path="tests/Images/Input/Png/rgb-48bpp.png" />
    <File Path="tests/Images/Input/Png/rgb-8-tRNS.png" />
    <File Path="tests/Images/Input/Png/rollsroyce.png" />
    <File Path="tests/Images/Input/Png/SnakeGame.png" />
    <File Path="tests/Images/Input/Png/splash-interlaced.png" />
    <File Path="tests/Images/Input/Png/splash.png" />
    <File Path="tests/Images/Input/Png/versioning-1_1.png" />
    <File Path="tests/Images/Input/Png/versioning-1_2.png" />
    <File Path="tests/Images/Input/Png/vim16x16_1.png" />
    <File Path="tests/Images/Input/Png/vim16x16_2.png" />
    <File Path="tests/Images/Input/Png/zlib-overflow.png" />
  </Folder>
  <Folder Name="/_root/">
    <File Path=".editorconfig" />
    <File Path=".gitattributes" />
    <File Path=".gitignore" />
    <File Path=".gitmodules" />
    <File Path="ci-build.ps1" />
    <File Path="ci-pack.ps1" />
    <File Path="ci-test.ps1" />
    <File Path="codecov.yml" />
    <File Path="Directory.Build.props" />
    <File Path="Directory.Build.targets" />
    <File Path="LICENSE" />
    <File Path="README.md" />
    <File Path="THIRD-PARTY-NOTICES" />
  </Folder>
  <Folder Name="/_root/.github/">
    <File Path=".github/CONTRIBUTING.md" />
    <File Path=".github/PULL_REQUEST_TEMPLATE.md" />
  </Folder>
  <Folder Name="/_root/.github/ISSUE_TEMPLATE/">
    <File Path=".github/ISSUE_TEMPLATE/config.yml" />
    <File Path=".github/ISSUE_TEMPLATE/oss-bug-report.yml" />
  </Folder>
  <Folder Name="/_root/.github/workflows/">
    <File Path=".github/workflows/build-and-test.yml" />
  </Folder>
  <Properties Name="Performance">
    <Property Name="HasPerformanceSessions" Value="true" />
  </Properties>
</Solution>
