
Microsoft Visual Studio Solution File, Format Version 12.00
# Visual Studio 14
VisualStudioVersion = 14.0.25420.1
MinimumVisualStudioVersion = 10.0.40219.1
Project("{FAE04EC0-301F-11D3-BF4B-00C04F79EFBC}") = "Shaper2D", "Shaper2D\Shaper2D.csproj", "{8EC582C9-750F-48BC-B48E-B3F89A5BA7B7}"
EndProject
Project("{2150E333-8FDC-42A3-9474-1A3956D46DE8}") = "Items", "Items", "{20777789-C567-4304-BB8D-11FAF5328812}"
EndProject
Global
	GlobalSection(SolutionConfigurationPlatforms) = preSolution
		Debug|Any CPU = Debug|Any CPU
		Release|Any CPU = Release|Any CPU
	EndGlobalSection
	GlobalSection(ProjectConfigurationPlatforms) = postSolution
		{8EC582C9-750F-48BC-B48E-B3F89A5BA7B7}.Debug|Any CPU.ActiveCfg = Debug|Any CPU
		{8EC582C9-750F-48BC-B48E-B3F89A5BA7B7}.Debug|Any CPU.Build.0 = Debug|Any CPU
		{8EC582C9-750F-48BC-B48E-B3F89A5BA7B7}.Release|Any CPU.ActiveCfg = Release|Any CPU
		{8EC582C9-750F-48BC-B48E-B3F89A5BA7B7}.Release|Any CPU.Build.0 = Release|Any CPU
	EndGlobalSection
	GlobalSection(SolutionProperties) = preSolution
		HideSolutionNode = FALSE
	EndGlobalSection
EndGlobal
