
Microsoft Visual Studio Solution File, Format Version 12.00
# Visual Studio Version 18
VisualStudioVersion = 18.4.11626.88
MinimumVisualStudioVersion = 10.0.40219.1
Project("{2150E333-8FDC-42A3-9474-1A3956D46DE8}") = "samples", "samples", "{5D20AA90-6969-D8BD-9DCD-8634F4692FDA}"
EndProject
Project("{2150E333-8FDC-42A3-9474-1A3956D46DE8}") = "src", "src", "{827E0CD3-B72D-47B6-A68D-7590B98EB39B}"
EndProject
Project("{FAE04EC0-301F-11D3-BF4B-00C04F79EFBC}") = "ImageSharp.Drawing", "src\ImageSharp.Drawing\ImageSharp.Drawing.csproj", "{042B144E-5444-4B88-B4F2-038E54FC25D0}"
EndProject
Project("{FAE04EC0-301F-11D3-BF4B-00C04F79EFBC}") = "ImageSharp.Drawing.WebGPU", "src\ImageSharp.Drawing.WebGPU\ImageSharp.Drawing.WebGPU.csproj", "{439C7CCB-78F0-4F24-9D7F-6D6659495DEF}"
EndProject
Project("{FAE04EC0-301F-11D3-BF4B-00C04F79EFBC}") = "ImageSharp.Drawing.WebGPU.ShaderGen", "src\ImageSharp.Drawing.WebGPU.ShaderGen\ImageSharp.Drawing.WebGPU.ShaderGen.csproj", "{AEFE7C59-5D1C-4F14-A83F-0FD665130FA3}"
EndProject
Project("{FAE04EC0-301F-11D3-BF4B-00C04F79EFBC}") = "DrawingBackendBenchmark", "samples\DrawingBackendBenchmark\DrawingBackendBenchmark.csproj", "{0AF23A97-CD73-409A-AA29-D214AA400AB0}"
EndProject
Project("{FAE04EC0-301F-11D3-BF4B-00C04F79EFBC}") = "WebGPUExternalSurfaceDemo", "samples\WebGPUExternalSurfaceDemo\WebGPUExternalSurfaceDemo.csproj", "{478855A1-ECEA-4DF6-9D7B-0342EA26726E}"
EndProject
Global
	GlobalSection(SolutionConfigurationPlatforms) = preSolution
		Debug|Any CPU = Debug|Any CPU
		Debug|x64 = Debug|x64
		Debug|x86 = Debug|x86
		Release|Any CPU = Release|Any CPU
		Release|x64 = Release|x64
		Release|x86 = Release|x86
	EndGlobalSection
	GlobalSection(ProjectConfigurationPlatforms) = postSolution
		{042B144E-5444-4B88-B4F2-038E54FC25D0}.Debug|Any CPU.ActiveCfg = Debug|Any CPU
		{042B144E-5444-4B88-B4F2-038E54FC25D0}.Debug|Any CPU.Build.0 = Debug|Any CPU
		{042B144E-5444-4B88-B4F2-038E54FC25D0}.Debug|x64.ActiveCfg = Debug|Any CPU
		{042B144E-5444-4B88-B4F2-038E54FC25D0}.Debug|x64.Build.0 = Debug|Any CPU
		{042B144E-5444-4B88-B4F2-038E54FC25D0}.Debug|x86.ActiveCfg = Debug|Any CPU
		{042B144E-5444-4B88-B4F2-038E54FC25D0}.Debug|x86.Build.0 = Debug|Any CPU
		{042B144E-5444-4B88-B4F2-038E54FC25D0}.Release|Any CPU.ActiveCfg = Release|Any CPU
		{042B144E-5444-4B88-B4F2-038E54FC25D0}.Release|Any CPU.Build.0 = Release|Any CPU
		{042B144E-5444-4B88-B4F2-038E54FC25D0}.Release|x64.ActiveCfg = Release|Any CPU
		{042B144E-5444-4B88-B4F2-038E54FC25D0}.Release|x64.Build.0 = Release|Any CPU
		{042B144E-5444-4B88-B4F2-038E54FC25D0}.Release|x86.ActiveCfg = Release|Any CPU
		{042B144E-5444-4B88-B4F2-038E54FC25D0}.Release|x86.Build.0 = Release|Any CPU
		{439C7CCB-78F0-4F24-9D7F-6D6659495DEF}.Debug|Any CPU.ActiveCfg = Debug|Any CPU
		{439C7CCB-78F0-4F24-9D7F-6D6659495DEF}.Debug|Any CPU.Build.0 = Debug|Any CPU
		{439C7CCB-78F0-4F24-9D7F-6D6659495DEF}.Debug|x64.ActiveCfg = Debug|Any CPU
		{439C7CCB-78F0-4F24-9D7F-6D6659495DEF}.Debug|x64.Build.0 = Debug|Any CPU
		{439C7CCB-78F0-4F24-9D7F-6D6659495DEF}.Debug|x86.ActiveCfg = Debug|Any CPU
		{439C7CCB-78F0-4F24-9D7F-6D6659495DEF}.Debug|x86.Build.0 = Debug|Any CPU
		{439C7CCB-78F0-4F24-9D7F-6D6659495DEF}.Release|Any CPU.ActiveCfg = Release|Any CPU
		{439C7CCB-78F0-4F24-9D7F-6D6659495DEF}.Release|Any CPU.Build.0 = Release|Any CPU
		{439C7CCB-78F0-4F24-9D7F-6D6659495DEF}.Release|x64.ActiveCfg = Release|Any CPU
		{439C7CCB-78F0-4F24-9D7F-6D6659495DEF}.Release|x64.Build.0 = Release|Any CPU
		{439C7CCB-78F0-4F24-9D7F-6D6659495DEF}.Release|x86.ActiveCfg = Release|Any CPU
		{439C7CCB-78F0-4F24-9D7F-6D6659495DEF}.Release|x86.Build.0 = Release|Any CPU
		{AEFE7C59-5D1C-4F14-A83F-0FD665130FA3}.Debug|Any CPU.ActiveCfg = Debug|Any CPU
		{AEFE7C59-5D1C-4F14-A83F-0FD665130FA3}.Debug|Any CPU.Build.0 = Debug|Any CPU
		{AEFE7C59-5D1C-4F14-A83F-0FD665130FA3}.Debug|x64.ActiveCfg = Debug|Any CPU
		{AEFE7C59-5D1C-4F14-A83F-0FD665130FA3}.Debug|x64.Build.0 = Debug|Any CPU
		{AEFE7C59-5D1C-4F14-A83F-0FD665130FA3}.Debug|x86.ActiveCfg = Debug|Any CPU
		{AEFE7C59-5D1C-4F14-A83F-0FD665130FA3}.Debug|x86.Build.0 = Debug|Any CPU
		{AEFE7C59-5D1C-4F14-A83F-0FD665130FA3}.Release|Any CPU.ActiveCfg = Release|Any CPU
		{AEFE7C59-5D1C-4F14-A83F-0FD665130FA3}.Release|Any CPU.Build.0 = Release|Any CPU
		{AEFE7C59-5D1C-4F14-A83F-0FD665130FA3}.Release|x64.ActiveCfg = Release|Any CPU
		{AEFE7C59-5D1C-4F14-A83F-0FD665130FA3}.Release|x64.Build.0 = Release|Any CPU
		{AEFE7C59-5D1C-4F14-A83F-0FD665130FA3}.Release|x86.ActiveCfg = Release|Any CPU
		{AEFE7C59-5D1C-4F14-A83F-0FD665130FA3}.Release|x86.Build.0 = Release|Any CPU
		{0AF23A97-CD73-409A-AA29-D214AA400AB0}.Debug|Any CPU.ActiveCfg = Debug|Any CPU
		{0AF23A97-CD73-409A-AA29-D214AA400AB0}.Debug|Any CPU.Build.0 = Debug|Any CPU
		{0AF23A97-CD73-409A-AA29-D214AA400AB0}.Debug|x64.ActiveCfg = Debug|Any CPU
		{0AF23A97-CD73-409A-AA29-D214AA400AB0}.Debug|x64.Build.0 = Debug|Any CPU
		{0AF23A97-CD73-409A-AA29-D214AA400AB0}.Debug|x86.ActiveCfg = Debug|Any CPU
		{0AF23A97-CD73-409A-AA29-D214AA400AB0}.Debug|x86.Build.0 = Debug|Any CPU
		{0AF23A97-CD73-409A-AA29-D214AA400AB0}.Release|Any CPU.ActiveCfg = Release|Any CPU
		{0AF23A97-CD73-409A-AA29-D214AA400AB0}.Release|Any CPU.Build.0 = Release|Any CPU
		{0AF23A97-CD73-409A-AA29-D214AA400AB0}.Release|x64.ActiveCfg = Release|Any CPU
		{0AF23A97-CD73-409A-AA29-D214AA400AB0}.Release|x64.Build.0 = Release|Any CPU
		{0AF23A97-CD73-409A-AA29-D214AA400AB0}.Release|x86.ActiveCfg = Release|Any CPU
		{0AF23A97-CD73-409A-AA29-D214AA400AB0}.Release|x86.Build.0 = Release|Any CPU
		{478855A1-ECEA-4DF6-9D7B-0342EA26726E}.Debug|Any CPU.ActiveCfg = Debug|Any CPU
		{478855A1-ECEA-4DF6-9D7B-0342EA26726E}.Debug|Any CPU.Build.0 = Debug|Any CPU
		{478855A1-ECEA-4DF6-9D7B-0342EA26726E}.Debug|x64.ActiveCfg = Debug|Any CPU
		{478855A1-ECEA-4DF6-9D7B-0342EA26726E}.Debug|x64.Build.0 = Debug|Any CPU
		{478855A1-ECEA-4DF6-9D7B-0342EA26726E}.Debug|x86.ActiveCfg = Debug|Any CPU
		{478855A1-ECEA-4DF6-9D7B-0342EA26726E}.Debug|x86.Build.0 = Debug|Any CPU
		{478855A1-ECEA-4DF6-9D7B-0342EA26726E}.Release|Any CPU.ActiveCfg = Release|Any CPU
		{478855A1-ECEA-4DF6-9D7B-0342EA26726E}.Release|Any CPU.Build.0 = Release|Any CPU
		{478855A1-ECEA-4DF6-9D7B-0342EA26726E}.Release|x64.ActiveCfg = Release|Any CPU
		{478855A1-ECEA-4DF6-9D7B-0342EA26726E}.Release|x64.Build.0 = Release|Any CPU
		{478855A1-ECEA-4DF6-9D7B-0342EA26726E}.Release|x86.ActiveCfg = Release|Any CPU
		{478855A1-ECEA-4DF6-9D7B-0342EA26726E}.Release|x86.Build.0 = Release|Any CPU
	EndGlobalSection
	GlobalSection(SolutionProperties) = preSolution
		HideSolutionNode = FALSE
	EndGlobalSection
	GlobalSection(NestedProjects) = preSolution
		{042B144E-5444-4B88-B4F2-038E54FC25D0} = {827E0CD3-B72D-47B6-A68D-7590B98EB39B}
		{439C7CCB-78F0-4F24-9D7F-6D6659495DEF} = {827E0CD3-B72D-47B6-A68D-7590B98EB39B}
		{AEFE7C59-5D1C-4F14-A83F-0FD665130FA3} = {827E0CD3-B72D-47B6-A68D-7590B98EB39B}
		{0AF23A97-CD73-409A-AA29-D214AA400AB0} = {5D20AA90-6969-D8BD-9DCD-8634F4692FDA}
		{478855A1-ECEA-4DF6-9D7B-0342EA26726E} = {5D20AA90-6969-D8BD-9DCD-8634F4692FDA}
	EndGlobalSection
	GlobalSection(SharedMSBuildProjectFiles) = preSolution
		shared-infrastructure\src\SharedInfrastructure\SharedInfrastructure.projitems*{042b144e-5444-4b88-b4f2-038e54fc25d0}*SharedItemsImports = 5
		shared-infrastructure\src\SharedInfrastructure\SharedInfrastructure.projitems*{439c7ccb-78f0-4f24-9d7f-6d6659495def}*SharedItemsImports = 5
	EndGlobalSection
EndGlobal
